
Microsoft Visual Studio Solution File, Format Version 12.00
# Visual Studio Version 17
VisualStudioVersion = 17.5.002.0
MinimumVisualStudioVersion = 10.0.40219.1
Project("{9A19103F-16F7-4668-BE54-9A1E7A4F7556}") = "project", "project.csproj", "{C7E1954F-4B61-4731-8621-5C9B1468C74B}"
EndProject
Global
	GlobalSection(SolutionConfigurationPlatforms) = preSolution
		Debug|Any CPU = Debug|Any CPU
		Release|Any CPU = Release|Any CPU
	EndGlobalSection
	GlobalSection(ProjectConfigurationPlatforms) = postSolution
		{C7E1954F-4B61-4731-8621-5C9B1468C74B}.Debug|Any CPU.ActiveCfg = Debug|Any CPU
		{C7E1954F-4B61-4731-8621-5C9B1468C74B}.Debug|Any CPU.Build.0 = Debug|Any CPU
		{C7E1954F-4B61-4731-8621-5C9B1468C74B}.Release|Any CPU.ActiveCfg = Release|Any CPU
		{C7E1954F-4B61-4731-8621-5C9B1468C74B}.Release|Any CPU.Build.0 = Release|Any CPU
	EndGlobalSection
	GlobalSection(SolutionProperties) = preSolution
		HideSolutionNode = FALSE
	EndGlobalSection
	GlobalSection(ExtensibilityGlobals) = postSolution
		SolutionGuid = {F28865FD-9EDB-46BA-B1A2-D0E0671BDFCA}
	EndGlobalSection
EndGlobal
